
Microsoft Visual Studio Solution File, Format Version 12.00
# Visual Studio Version 16
VisualStudioVersion = 16.0.31019.35
MinimumVisualStudioVersion = 10.0.40219.1
Project("{9A19103F-16F7-4668-BE54-9A1E7A4F7556}") = "ZcraPortal", "ZcraPortal.csproj", "{3785AE6F-FB57-48BF-ABEE-AC462B6F409F}"
EndProject
Global
	GlobalSection(SolutionConfigurationPlatforms) = preSolution
		Debug|Any CPU = Debug|Any CPU
		Release|Any CPU = Release|Any CPU
	EndGlobalSection
	GlobalSection(ProjectConfigurationPlatforms) = postSolution
		{3785AE6F-FB57-48BF-ABEE-AC462B6F409F}.Debug|Any CPU.ActiveCfg = Debug|Any CPU
		{3785AE6F-FB57-48BF-ABEE-AC462B6F409F}.Debug|Any CPU.Build.0 = Debug|Any CPU
		{3785AE6F-FB57-48BF-ABEE-AC462B6F409F}.Release|Any CPU.ActiveCfg = Release|Any CPU
		{3785AE6F-FB57-48BF-ABEE-AC462B6F409F}.Release|Any CPU.Build.0 = Release|Any CPU
	EndGlobalSection
	GlobalSection(SolutionProperties) = preSolution
		HideSolutionNode = FALSE
	EndGlobalSection
	GlobalSection(ExtensibilityGlobals) = postSolution
		SolutionGuid = {99CDF75D-E3A8-4B7C-83E0-F760F41F1DDB}
	EndGlobalSection
EndGlobal
